// !$*UTF8*$!
{
	archiveVersion = 1;
	classes = {
	};
	objectVersion = 52;
	objects = {

/* Begin PBXBuildFile section */
		6138C36C25C8AD44000CA925 /* FreePlayVC.swift in Sources */ = {isa = PBXBuildFile; fileRef = 6138C36B25C8AD44000CA925 /* FreePlayVC.swift */; };
		6138C37225C9DBF4000CA925 /* Charts in Frameworks */ = {isa = PBXBuildFile; productRef = 6138C37125C9DBF4000CA925 /* Charts */; };
		6138C37A25CA0FC9000CA925 /* StatsViewController.swift in Sources */ = {isa = PBXBuildFile; fileRef = 6138C37925CA0FC9000CA925 /* StatsViewController.swift */; };
		615DFF1325C0BB2100A268A1 /* AnimotionsData.xcdatamodeld in Sources */ = {isa = PBXBuildFile; fileRef = 615DFF1125C0BB2100A268A1 /* AnimotionsData.xcdatamodeld */; };
		615DFF1925C0BF3E00A268A1 /* ShopDataConstruction.swift in Sources */ = {isa = PBXBuildFile; fileRef = 615DFF1825C0BF3E00A268A1 /* ShopDataConstruction.swift */; };
		616CBBBB25D2FF9C0039022B /* ChartAxisFormatter.swift in Sources */ = {isa = PBXBuildFile; fileRef = 616CBBBA25D2FF9C0039022B /* ChartAxisFormatter.swift */; };
		616CBBC325DEE1C00039022B /* LandingPageVC.swift in Sources */ = {isa = PBXBuildFile; fileRef = 616CBBC225DEE1BF0039022B /* LandingPageVC.swift */; };
		616CBBC725DEE2A00039022B /* StudentVC.swift in Sources */ = {isa = PBXBuildFile; fileRef = 616CBBC625DEE2A00039022B /* StudentVC.swift */; };
		616CBBCD25E46C200039022B /* CoreDataVariableStorage.swift in Sources */ = {isa = PBXBuildFile; fileRef = 616CBBCC25E46C200039022B /* CoreDataVariableStorage.swift */; };
		616CBBD525F69D880039022B /* StatementVC.swift in Sources */ = {isa = PBXBuildFile; fileRef = 616CBBD425F69D880039022B /* StatementVC.swift */; };
		616CBBDB25F6A00D0039022B /* ReviewVC.swift in Sources */ = {isa = PBXBuildFile; fileRef = 616CBBDA25F6A00D0039022B /* ReviewVC.swift */; };
		616CBBE125F824290039022B /* AlertImageExtension.swift in Sources */ = {isa = PBXBuildFile; fileRef = 616CBBE025F824290039022B /* AlertImageExtension.swift */; };
		616CBBE825F8304B0039022B /* ImageExtension.swift in Sources */ = {isa = PBXBuildFile; fileRef = 616CBBE725F8304B0039022B /* ImageExtension.swift */; };
		616CBBFF2620BBD40039022B /* DismissKeyboard.swift in Sources */ = {isa = PBXBuildFile; fileRef = 616CBBFE2620BBD30039022B /* DismissKeyboard.swift */; };
		6180EA7125BA7CE8003CAE40 /* OptionsVC.swift in Sources */ = {isa = PBXBuildFile; fileRef = 6180EA7025BA7CE8003CAE40 /* OptionsVC.swift */; };
		6180EA7725BF7754003CAE40 /* confirmSound.wav in Resources */ = {isa = PBXBuildFile; fileRef = 6180EA7625BF7754003CAE40 /* confirmSound.wav */; };
		6180EA8925BF9A84003CAE40 /* BaseFunctions.swift in Sources */ = {isa = PBXBuildFile; fileRef = 6180EA8825BF9A84003CAE40 /* BaseFunctions.swift */; };
		6180EA8F25BF9EFD003CAE40 /* Question.swift in Sources */ = {isa = PBXBuildFile; fileRef = 6180EA8E25BF9EFD003CAE40 /* Question.swift */; };
		6180EA9425BF9F98003CAE40 /* LessonBrain.swift in Sources */ = {isa = PBXBuildFile; fileRef = 6180EA9325BF9F98003CAE40 /* LessonBrain.swift */; };
		61B4C5A925B7609A00B48D0F /* ARVC.swift in Sources */ = {isa = PBXBuildFile; fileRef = 61B4C5A825B7609A00B48D0F /* ARVC.swift */; };
		61B4C5B125B7634800B48D0F /* MainMenuVC.swift in Sources */ = {isa = PBXBuildFile; fileRef = 61B4C5B025B7634800B48D0F /* MainMenuVC.swift */; };
		61B4C5B625B76ADB00B48D0F /* ShopVC.swift in Sources */ = {isa = PBXBuildFile; fileRef = 61B4C5B525B76ADB00B48D0F /* ShopVC.swift */; };
		7942AA2C2342693100A133C0 /* AppDelegate.swift in Sources */ = {isa = PBXBuildFile; fileRef = 7942AA2B2342693100A133C0 /* AppDelegate.swift */; };
		7942AA2E2342693100A133C0 /* art.scnassets in Resources */ = {isa = PBXBuildFile; fileRef = 7942AA2D2342693100A133C0 /* art.scnassets */; };
		7942AA332342693100A133C0 /* Main.storyboard in Resources */ = {isa = PBXBuildFile; fileRef = 7942AA312342693100A133C0 /* Main.storyboard */; };
		7942AA352342693800A133C0 /* Assets.xcassets in Resources */ = {isa = PBXBuildFile; fileRef = 7942AA342342693800A133C0 /* Assets.xcassets */; };
		7942AA382342693800A133C0 /* LaunchScreen.storyboard in Resources */ = {isa = PBXBuildFile; fileRef = 7942AA362342693800A133C0 /* LaunchScreen.storyboard */; };
		7942AA432342693800A133C0 /* FaceAnimojiTests.swift in Sources */ = {isa = PBXBuildFile; fileRef = 7942AA422342693800A133C0 /* FaceAnimojiTests.swift */; };
		7942AA4E2342693800A133C0 /* FaceAnimojiUITests.swift in Sources */ = {isa = PBXBuildFile; fileRef = 7942AA4D2342693800A133C0 /* FaceAnimojiUITests.swift */; };
/* End PBXBuildFile section */

/* Begin PBXContainerItemProxy section */
		7942AA3F2342693800A133C0 /* PBXContainerItemProxy */ = {
			isa = PBXContainerItemProxy;
			containerPortal = 7942AA202342693100A133C0 /* Project object */;
			proxyType = 1;
			remoteGlobalIDString = 7942AA272342693100A133C0;
			remoteInfo = FaceAnimoji;
		};
		7942AA4A2342693800A133C0 /* PBXContainerItemProxy */ = {
			isa = PBXContainerItemProxy;
			containerPortal = 7942AA202342693100A133C0 /* Project object */;
			proxyType = 1;
			remoteGlobalIDString = 7942AA272342693100A133C0;
			remoteInfo = FaceAnimoji;
		};
/* End PBXContainerItemProxy section */

/* Begin PBXCopyFilesBuildPhase section */
		6138C37625C9DBF5000CA925 /* Embed Frameworks */ = {
			isa = PBXCopyFilesBuildPhase;
			buildActionMask = 2147483647;
			dstPath = "";
			dstSubfolderSpec = 10;
			files = (
			);
			name = "Embed Frameworks";
			runOnlyForDeploymentPostprocessing = 0;
		};
/* End PBXCopyFilesBuildPhase section */

/* Begin PBXFileReference section */
		6138C36B25C8AD44000CA925 /* FreePlayVC.swift */ = {isa = PBXFileReference; fileEncoding = 4; lastKnownFileType = sourcecode.swift; path = FreePlayVC.swift; sourceTree = "<group>"; };
		6138C37925CA0FC9000CA925 /* StatsViewController.swift */ = {isa = PBXFileReference; lastKnownFileType = sourcecode.swift; path = StatsViewController.swift; sourceTree = "<group>"; };
		615DFF1225C0BB2100A268A1 /* AnimotionsData.xcdatamodel */ = {isa = PBXFileReference; lastKnownFileType = wrapper.xcdatamodel; path = AnimotionsData.xcdatamodel; sourceTree = "<group>"; };
		615DFF1825C0BF3E00A268A1 /* ShopDataConstruction.swift */ = {isa = PBXFileReference; lastKnownFileType = sourcecode.swift; path = ShopDataConstruction.swift; sourceTree = "<group>"; };
		616CBBBA25D2FF9C0039022B /* ChartAxisFormatter.swift */ = {isa = PBXFileReference; lastKnownFileType = sourcecode.swift; path = ChartAxisFormatter.swift; sourceTree = "<group>"; };
		616CBBC225DEE1BF0039022B /* LandingPageVC.swift */ = {isa = PBXFileReference; lastKnownFileType = sourcecode.swift; path = LandingPageVC.swift; sourceTree = "<group>"; };
		616CBBC625DEE2A00039022B /* StudentVC.swift */ = {isa = PBXFileReference; lastKnownFileType = sourcecode.swift; path = StudentVC.swift; sourceTree = "<group>"; };
		616CBBCC25E46C200039022B /* CoreDataVariableStorage.swift */ = {isa = PBXFileReference; lastKnownFileType = sourcecode.swift; path = CoreDataVariableStorage.swift; sourceTree = "<group>"; };
		616CBBD425F69D880039022B /* StatementVC.swift */ = {isa = PBXFileReference; lastKnownFileType = sourcecode.swift; path = StatementVC.swift; sourceTree = "<group>"; };
		616CBBDA25F6A00D0039022B /* ReviewVC.swift */ = {isa = PBXFileReference; lastKnownFileType = sourcecode.swift; path = ReviewVC.swift; sourceTree = "<group>"; };
		616CBBE025F824290039022B /* AlertImageExtension.swift */ = {isa = PBXFileReference; lastKnownFileType = sourcecode.swift; path = AlertImageExtension.swift; sourceTree = "<group>"; };
		616CBBE725F8304B0039022B /* ImageExtension.swift */ = {isa = PBXFileReference; lastKnownFileType = sourcecode.swift; path = ImageExtension.swift; sourceTree = "<group>"; };
		616CBBFE2620BBD30039022B /* DismissKeyboard.swift */ = {isa = PBXFileReference; lastKnownFileType = sourcecode.swift; path = DismissKeyboard.swift; sourceTree = "<group>"; };
		6180EA7025BA7CE8003CAE40 /* OptionsVC.swift */ = {isa = PBXFileReference; lastKnownFileType = sourcecode.swift; path = OptionsVC.swift; sourceTree = "<group>"; };
		6180EA7625BF7754003CAE40 /* confirmSound.wav */ = {isa = PBXFileReference; lastKnownFileType = audio.wav; path = confirmSound.wav; sourceTree = "<group>"; };
		6180EA8825BF9A84003CAE40 /* BaseFunctions.swift */ = {isa = PBXFileReference; lastKnownFileType = sourcecode.swift; path = BaseFunctions.swift; sourceTree = "<group>"; };
		6180EA8E25BF9EFD003CAE40 /* Question.swift */ = {isa = PBXFileReference; lastKnownFileType = sourcecode.swift; path = Question.swift; sourceTree = "<group>"; };
		6180EA9325BF9F98003CAE40 /* LessonBrain.swift */ = {isa = PBXFileReference; lastKnownFileType = sourcecode.swift; path = LessonBrain.swift; sourceTree = "<group>"; };
		61B4C5A825B7609A00B48D0F /* ARVC.swift */ = {isa = PBXFileReference; lastKnownFileType = sourcecode.swift; path = ARVC.swift; sourceTree = "<group>"; };
		61B4C5B025B7634800B48D0F /* MainMenuVC.swift */ = {isa = PBXFileReference; lastKnownFileType = sourcecode.swift; path = MainMenuVC.swift; sourceTree = "<group>"; };
		61B4C5B525B76ADB00B48D0F /* ShopVC.swift */ = {isa = PBXFileReference; lastKnownFileType = sourcecode.swift; path = ShopVC.swift; sourceTree = "<group>"; };
		7942AA282342693100A133C0 /* FaceAnimoji.app */ = {isa = PBXFileReference; explicitFileType = wrapper.application; includeInIndex = 0; path = FaceAnimoji.app; sourceTree = BUILT_PRODUCTS_DIR; };
		7942AA2B2342693100A133C0 /* AppDelegate.swift */ = {isa = PBXFileReference; lastKnownFileType = sourcecode.swift; path = AppDelegate.swift; sourceTree = "<group>"; };
		7942AA2D2342693100A133C0 /* art.scnassets */ = {isa = PBXFileReference; lastKnownFileType = wrapper.scnassets; path = art.scnassets; sourceTree = "<group>"; };
		7942AA322342693100A133C0 /* Base */ = {isa = PBXFileReference; lastKnownFileType = file.storyboard; name = Base; path = Base.lproj/Main.storyboard; sourceTree = "<group>"; };
		7942AA342342693800A133C0 /* Assets.xcassets */ = {isa = PBXFileReference; lastKnownFileType = folder.assetcatalog; path = Assets.xcassets; sourceTree = "<group>"; };
		7942AA372342693800A133C0 /* Base */ = {isa = PBXFileReference; lastKnownFileType = file.storyboard; name = Base; path = Base.lproj/LaunchScreen.storyboard; sourceTree = "<group>"; };
		7942AA392342693800A133C0 /* Info.plist */ = {isa = PBXFileReference; lastKnownFileType = text.plist.xml; path = Info.plist; sourceTree = "<group>"; };
		7942AA3E2342693800A133C0 /* FaceAnimojiTests.xctest */ = {isa = PBXFileReference; explicitFileType = wrapper.cfbundle; includeInIndex = 0; path = FaceAnimojiTests.xctest; sourceTree = BUILT_PRODUCTS_DIR; };
		7942AA422342693800A133C0 /* FaceAnimojiTests.swift */ = {isa = PBXFileReference; lastKnownFileType = sourcecode.swift; path = FaceAnimojiTests.swift; sourceTree = "<group>"; };
		7942AA442342693800A133C0 /* Info.plist */ = {isa = PBXFileReference; lastKnownFileType = text.plist.xml; path = Info.plist; sourceTree = "<group>"; };
		7942AA492342693800A133C0 /* FaceAnimojiUITests.xctest */ = {isa = PBXFileReference; explicitFileType = wrapper.cfbundle; includeInIndex = 0; path = FaceAnimojiUITests.xctest; sourceTree = BUILT_PRODUCTS_DIR; };
		7942AA4D2342693800A133C0 /* FaceAnimojiUITests.swift */ = {isa = PBXFileReference; lastKnownFileType = sourcecode.swift; path = FaceAnimojiUITests.swift; sourceTree = "<group>"; };
		7942AA4F2342693800A133C0 /* Info.plist */ = {isa = PBXFileReference; lastKnownFileType = text.plist.xml; path = Info.plist; sourceTree = "<group>"; };
/* End PBXFileReference section */

/* Begin PBXFrameworksBuildPhase section */
		7942AA252342693100A133C0 /* Frameworks */ = {
			isa = PBXFrameworksBuildPhase;
			buildActionMask = 2147483647;
			files = (
				6138C37225C9DBF4000CA925 /* Charts in Frameworks */,
			);
			runOnlyForDeploymentPostprocessing = 0;
		};
		7942AA3B2342693800A133C0 /* Frameworks */ = {
			isa = PBXFrameworksBuildPhase;
			buildActionMask = 2147483647;
			files = (
			);
			runOnlyForDeploymentPostprocessing = 0;
		};
		7942AA462342693800A133C0 /* Frameworks */ = {
			isa = PBXFrameworksBuildPhase;
			buildActionMask = 2147483647;
			files = (
			);
			runOnlyForDeploymentPostprocessing = 0;
		};
/* End PBXFrameworksBuildPhase section */

/* Begin PBXGroup section */
		6138C37D25CA112C000CA925 /* Frameworks */ = {
			isa = PBXGroup;
			children = (
			);
			name = Frameworks;
			sourceTree = "<group>";
		};
		615DFF1725C0BE8700A268A1 /* Model Classes */ = {
			isa = PBXGroup;
			children = (
				6180EA8825BF9A84003CAE40 /* BaseFunctions.swift */,
				6180EA8E25BF9EFD003CAE40 /* Question.swift */,
				616CBBCC25E46C200039022B /* CoreDataVariableStorage.swift */,
				6180EA9325BF9F98003CAE40 /* LessonBrain.swift */,
				615DFF1825C0BF3E00A268A1 /* ShopDataConstruction.swift */,
				616CBBBA25D2FF9C0039022B /* ChartAxisFormatter.swift */,
			);
			path = "Model Classes";
			sourceTree = "<group>";
		};
		616CBBE425F8269D0039022B /* Extensions */ = {
			isa = PBXGroup;
			children = (
				616CBBE025F824290039022B /* AlertImageExtension.swift */,
				616CBBFE2620BBD30039022B /* DismissKeyboard.swift */,
				616CBBE725F8304B0039022B /* ImageExtension.swift */,
			);
			path = Extensions;
			sourceTree = "<group>";
		};
		6180EA8D25BF9EA0003CAE40 /* View Controllers */ = {
			isa = PBXGroup;
			children = (
				616CBBDA25F6A00D0039022B /* ReviewVC.swift */,
				616CBBD425F69D880039022B /* StatementVC.swift */,
				6180EA7025BA7CE8003CAE40 /* OptionsVC.swift */,
				61B4C5B525B76ADB00B48D0F /* ShopVC.swift */,
				61B4C5B025B7634800B48D0F /* MainMenuVC.swift */,
				61B4C5A825B7609A00B48D0F /* ARVC.swift */,
				6138C36B25C8AD44000CA925 /* FreePlayVC.swift */,
				6138C37925CA0FC9000CA925 /* StatsViewController.swift */,
				616CBBC225DEE1BF0039022B /* LandingPageVC.swift */,
				616CBBC625DEE2A00039022B /* StudentVC.swift */,
			);
			path = "View Controllers";
			sourceTree = "<group>";
		};
		7942AA1F2342693100A133C0 = {
			isa = PBXGroup;
			children = (
				7942AA2A2342693100A133C0 /* FaceAnimoji */,
				7942AA412342693800A133C0 /* FaceAnimojiTests */,
				7942AA4C2342693800A133C0 /* FaceAnimojiUITests */,
				7942AA292342693100A133C0 /* Products */,
				6138C37D25CA112C000CA925 /* Frameworks */,
			);
			sourceTree = "<group>";
		};
		7942AA292342693100A133C0 /* Products */ = {
			isa = PBXGroup;
			children = (
				7942AA282342693100A133C0 /* FaceAnimoji.app */,
				7942AA3E2342693800A133C0 /* FaceAnimojiTests.xctest */,
				7942AA492342693800A133C0 /* FaceAnimojiUITests.xctest */,
			);
			name = Products;
			sourceTree = "<group>";
		};
		7942AA2A2342693100A133C0 /* FaceAnimoji */ = {
			isa = PBXGroup;
			children = (
				616CBBE425F8269D0039022B /* Extensions */,
				615DFF1725C0BE8700A268A1 /* Model Classes */,
				6180EA8D25BF9EA0003CAE40 /* View Controllers */,
				7942AA2B2342693100A133C0 /* AppDelegate.swift */,
				7942AA2D2342693100A133C0 /* art.scnassets */,
				7942AA312342693100A133C0 /* Main.storyboard */,
				6180EA7625BF7754003CAE40 /* confirmSound.wav */,
				7942AA342342693800A133C0 /* Assets.xcassets */,
				7942AA362342693800A133C0 /* LaunchScreen.storyboard */,
				7942AA392342693800A133C0 /* Info.plist */,
				615DFF1125C0BB2100A268A1 /* AnimotionsData.xcdatamodeld */,
			);
			path = FaceAnimoji;
			sourceTree = "<group>";
		};
		7942AA412342693800A133C0 /* FaceAnimojiTests */ = {
			isa = PBXGroup;
			children = (
				7942AA422342693800A133C0 /* FaceAnimojiTests.swift */,
				7942AA442342693800A133C0 /* Info.plist */,
			);
			path = FaceAnimojiTests;
			sourceTree = "<group>";
		};
		7942AA4C2342693800A133C0 /* FaceAnimojiUITests */ = {
			isa = PBXGroup;
			children = (
				7942AA4D2342693800A133C0 /* FaceAnimojiUITests.swift */,
				7942AA4F2342693800A133C0 /* Info.plist */,
			);
			path = FaceAnimojiUITests;
			sourceTree = "<group>";
		};
/* End PBXGroup section */

/* Begin PBXNativeTarget section */
		7942AA272342693100A133C0 /* FaceAnimoji */ = {
			isa = PBXNativeTarget;
			buildConfigurationList = 7942AA522342693800A133C0 /* Build configuration list for PBXNativeTarget "FaceAnimoji" */;
			buildPhases = (
				7942AA242342693100A133C0 /* Sources */,
				7942AA252342693100A133C0 /* Frameworks */,
				7942AA262342693100A133C0 /* Resources */,
				6138C37625C9DBF5000CA925 /* Embed Frameworks */,
			);
			buildRules = (
			);
			dependencies = (
			);
			name = FaceAnimoji;
			packageProductDependencies = (
				6138C37125C9DBF4000CA925 /* Charts */,
			);
			productName = FaceAnimoji;
			productReference = 7942AA282342693100A133C0 /* FaceAnimoji.app */;
			productType = "com.apple.product-type.application";
		};
		7942AA3D2342693800A133C0 /* FaceAnimojiTests */ = {
			isa = PBXNativeTarget;
			buildConfigurationList = 7942AA552342693800A133C0 /* Build configuration list for PBXNativeTarget "FaceAnimojiTests" */;
			buildPhases = (
				7942AA3A2342693800A133C0 /* Sources */,
				7942AA3B2342693800A133C0 /* Frameworks */,
				7942AA3C2342693800A133C0 /* Resources */,
			);
			buildRules = (
			);
			dependencies = (
				7942AA402342693800A133C0 /* PBXTargetDependency */,
			);
			name = FaceAnimojiTests;
			productName = FaceAnimojiTests;
			productReference = 7942AA3E2342693800A133C0 /* FaceAnimojiTests.xctest */;
			productType = "com.apple.product-type.bundle.unit-test";
		};
		7942AA482342693800A133C0 /* FaceAnimojiUITests */ = {
			isa = PBXNativeTarget;
			buildConfigurationList = 7942AA582342693800A133C0 /* Build configuration list for PBXNativeTarget "FaceAnimojiUITests" */;
			buildPhases = (
				7942AA452342693800A133C0 /* Sources */,
				7942AA462342693800A133C0 /* Frameworks */,
				7942AA472342693800A133C0 /* Resources */,
			);
			buildRules = (
			);
			dependencies = (
				7942AA4B2342693800A133C0 /* PBXTargetDependency */,
			);
			name = FaceAnimojiUITests;
			productName = FaceAnimojiUITests;
			productReference = 7942AA492342693800A133C0 /* FaceAnimojiUITests.xctest */;
			productType = "com.apple.product-type.bundle.ui-testing";
		};
/* End PBXNativeTarget section */

/* Begin PBXProject section */
		7942AA202342693100A133C0 /* Project object */ = {
			isa = PBXProject;
			attributes = {
				LastSwiftUpdateCheck = 1020;
				LastUpgradeCheck = 1230;
				ORGANIZATIONNAME = ashutosh.dingankar;
				TargetAttributes = {
					7942AA272342693100A133C0 = {
						CreatedOnToolsVersion = 10.2.1;
					};
					7942AA3D2342693800A133C0 = {
						CreatedOnToolsVersion = 10.2.1;
						TestTargetID = 7942AA272342693100A133C0;
					};
					7942AA482342693800A133C0 = {
						CreatedOnToolsVersion = 10.2.1;
						TestTargetID = 7942AA272342693100A133C0;
					};
				};
			};
			buildConfigurationList = 7942AA232342693100A133C0 /* Build configuration list for PBXProject "FaceAnimoji" */;
			compatibilityVersion = "Xcode 9.3";
			developmentRegion = en;
			hasScannedForEncodings = 0;
			knownRegions = (
				en,
				Base,
			);
			mainGroup = 7942AA1F2342693100A133C0;
			packageReferences = (
				6138C37025C9DBF4000CA925 /* XCRemoteSwiftPackageReference "Charts" */,
			);
			productRefGroup = 7942AA292342693100A133C0 /* Products */;
			projectDirPath = "";
			projectRoot = "";
			targets = (
				7942AA272342693100A133C0 /* FaceAnimoji */,
				7942AA3D2342693800A133C0 /* FaceAnimojiTests */,
				7942AA482342693800A133C0 /* FaceAnimojiUITests */,
			);
		};
/* End PBXProject section */

/* Begin PBXResourcesBuildPhase section */
		7942AA262342693100A133C0 /* Resources */ = {
			isa = PBXResourcesBuildPhase;
			buildActionMask = 2147483647;
			files = (
				6180EA7725BF7754003CAE40 /* confirmSound.wav in Resources */,
				7942AA2E2342693100A133C0 /* art.scnassets in Resources */,
				7942AA382342693800A133C0 /* LaunchScreen.storyboard in Resources */,
				7942AA352342693800A133C0 /* Assets.xcassets in Resources */,
				7942AA332342693100A133C0 /* Main.storyboard in Resources */,
			);
			runOnlyForDeploymentPostprocessing = 0;
		};
		7942AA3C2342693800A133C0 /* Resources */ = {
			isa = PBXResourcesBuildPhase;
			buildActionMask = 2147483647;
			files = (
			);
			runOnlyForDeploymentPostprocessing = 0;
		};
		7942AA472342693800A133C0 /* Resources */ = {
			isa = PBXResourcesBuildPhase;
			buildActionMask = 2147483647;
			files = (
			);
			runOnlyForDeploymentPostprocessing = 0;
		};
/* End PBXResourcesBuildPhase section */

/* Begin PBXSourcesBuildPhase section */
		7942AA242342693100A133C0 /* Sources */ = {
			isa = PBXSourcesBuildPhase;
			buildActionMask = 2147483647;
			files = (
				6180EA7125BA7CE8003CAE40 /* OptionsVC.swift in Sources */,
				61B4C5A925B7609A00B48D0F /* ARVC.swift in Sources */,
				7942AA2C2342693100A133C0 /* AppDelegate.swift in Sources */,
				616CBBE825F8304B0039022B /* ImageExtension.swift in Sources */,
				61B4C5B625B76ADB00B48D0F /* ShopVC.swift in Sources */,
				616CBBD525F69D880039022B /* StatementVC.swift in Sources */,
				615DFF1925C0BF3E00A268A1 /* ShopDataConstruction.swift in Sources */,
				616CBBC725DEE2A00039022B /* StudentVC.swift in Sources */,
				616CBBCD25E46C200039022B /* CoreDataVariableStorage.swift in Sources */,
				616CBBC325DEE1C00039022B /* LandingPageVC.swift in Sources */,
				615DFF1325C0BB2100A268A1 /* AnimotionsData.xcdatamodeld in Sources */,
				616CBBFF2620BBD40039022B /* DismissKeyboard.swift in Sources */,
				616CBBDB25F6A00D0039022B /* ReviewVC.swift in Sources */,
				6180EA9425BF9F98003CAE40 /* LessonBrain.swift in Sources */,
				6180EA8925BF9A84003CAE40 /* BaseFunctions.swift in Sources */,
				6180EA8F25BF9EFD003CAE40 /* Question.swift in Sources */,
				616CBBBB25D2FF9C0039022B /* ChartAxisFormatter.swift in Sources */,
				616CBBE125F824290039022B /* AlertImageExtension.swift in Sources */,
				61B4C5B125B7634800B48D0F /* MainMenuVC.swift in Sources */,
				6138C37A25CA0FC9000CA925 /* StatsViewController.swift in Sources */,
				6138C36C25C8AD44000CA925 /* FreePlayVC.swift in Sources */,
			);
			runOnlyForDeploymentPostprocessing = 0;
		};
		7942AA3A2342693800A133C0 /* Sources */ = {
			isa = PBXSourcesBuildPhase;
			buildActionMask = 2147483647;
			files = (
				7942AA432342693800A133C0 /* FaceAnimojiTests.swift in Sources */,
			);
			runOnlyForDeploymentPostprocessing = 0;
		};
		7942AA452342693800A133C0 /* Sources */ = {
			isa = PBXSourcesBuildPhase;
			buildActionMask = 2147483647;
			files = (
				7942AA4E2342693800A133C0 /* FaceAnimojiUITests.swift in Sources */,
			);
			runOnlyForDeploymentPostprocessing = 0;
		};
/* End PBXSourcesBuildPhase section */

/* Begin PBXTargetDependency section */
		7942AA402342693800A133C0 /* PBXTargetDependency */ = {
			isa = PBXTargetDependency;
			target = 7942AA272342693100A133C0 /* FaceAnimoji */;
			targetProxy = 7942AA3F2342693800A133C0 /* PBXContainerItemProxy */;
		};
		7942AA4B2342693800A133C0 /* PBXTargetDependency */ = {
			isa = PBXTargetDependency;
			target = 7942AA272342693100A133C0 /* FaceAnimoji */;
			targetProxy = 7942AA4A2342693800A133C0 /* PBXContainerItemProxy */;
		};
/* End PBXTargetDependency section */

/* Begin PBXVariantGroup section */
		7942AA312342693100A133C0 /* Main.storyboard */ = {
			isa = PBXVariantGroup;
			children = (
				7942AA322342693100A133C0 /* Base */,
			);
			name = Main.storyboard;
			sourceTree = "<group>";
		};
		7942AA362342693800A133C0 /* LaunchScreen.storyboard */ = {
			isa = PBXVariantGroup;
			children = (
				7942AA372342693800A133C0 /* Base */,
			);
			name = LaunchScreen.storyboard;
			sourceTree = "<group>";
		};
/* End PBXVariantGroup section */

/* Begin XCBuildConfiguration section */
		7942AA502342693800A133C0 /* Debug */ = {
			isa = XCBuildConfiguration;
			buildSettings = {
				ALWAYS_SEARCH_USER_PATHS = NO;
				CLANG_ANALYZER_NONNULL = YES;
				CLANG_ANALYZER_NUMBER_OBJECT_CONVERSION = YES_AGGRESSIVE;
				CLANG_CXX_LANGUAGE_STANDARD = "gnu++14";
				CLANG_CXX_LIBRARY = "libc++";
				CLANG_ENABLE_MODULES = YES;
				CLANG_ENABLE_OBJC_ARC = YES;
				CLANG_ENABLE_OBJC_WEAK = YES;
				CLANG_WARN_BLOCK_CAPTURE_AUTORELEASING = YES;
				CLANG_WARN_BOOL_CONVERSION = YES;
				CLANG_WARN_COMMA = YES;
				CLANG_WARN_CONSTANT_CONVERSION = YES;
				CLANG_WARN_DEPRECATED_OBJC_IMPLEMENTATIONS = YES;
				CLANG_WARN_DIRECT_OBJC_ISA_USAGE = YES_ERROR;
				CLANG_WARN_DOCUMENTATION_COMMENTS = YES;
				CLANG_WARN_EMPTY_BODY = YES;
				CLANG_WARN_ENUM_CONVERSION = YES;
				CLANG_WARN_INFINITE_RECURSION = YES;
				CLANG_WARN_INT_CONVERSION = YES;
				CLANG_WARN_NON_LITERAL_NULL_CONVERSION = YES;
				CLANG_WARN_OBJC_IMPLICIT_RETAIN_SELF = YES;
				CLANG_WARN_OBJC_LITERAL_CONVERSION = YES;
				CLANG_WARN_OBJC_ROOT_CLASS = YES_ERROR;
				CLANG_WARN_QUOTED_INCLUDE_IN_FRAMEWORK_HEADER = YES;
				CLANG_WARN_RANGE_LOOP_ANALYSIS = YES;
				CLANG_WARN_STRICT_PROTOTYPES = YES;
				CLANG_WARN_SUSPICIOUS_MOVE = YES;
				CLANG_WARN_UNGUARDED_AVAILABILITY = YES_AGGRESSIVE;
				CLANG_WARN_UNREACHABLE_CODE = YES;
				CLANG_WARN__DUPLICATE_METHOD_MATCH = YES;
				CODE_SIGN_IDENTITY = "iPhone Developer";
				COPY_PHASE_STRIP = NO;
				DEBUG_INFORMATION_FORMAT = dwarf;
				ENABLE_STRICT_OBJC_MSGSEND = YES;
				ENABLE_TESTABILITY = YES;
				GCC_C_LANGUAGE_STANDARD = gnu11;
				GCC_DYNAMIC_NO_PIC = NO;
				GCC_NO_COMMON_BLOCKS = YES;
				GCC_OPTIMIZATION_LEVEL = 0;
				GCC_PREPROCESSOR_DEFINITIONS = (
					"DEBUG=1",
					"$(inherited)",
				);
				GCC_WARN_64_TO_32_BIT_CONVERSION = YES;
				GCC_WARN_ABOUT_RETURN_TYPE = YES_ERROR;
				GCC_WARN_UNDECLARED_SELECTOR = YES;
				GCC_WARN_UNINITIALIZED_AUTOS = YES_AGGRESSIVE;
				GCC_WARN_UNUSED_FUNCTION = YES;
				GCC_WARN_UNUSED_VARIABLE = YES;
				IPHONEOS_DEPLOYMENT_TARGET = 14.1;
				MTL_ENABLE_DEBUG_INFO = INCLUDE_SOURCE;
				MTL_FAST_MATH = YES;
				ONLY_ACTIVE_ARCH = YES;
				SDKROOT = iphoneos;
				SWIFT_ACTIVE_COMPILATION_CONDITIONS = DEBUG;
				SWIFT_OPTIMIZATION_LEVEL = "-Onone";
			};
			name = Debug;
		};
		7942AA512342693800A133C0 /* Release */ = {
			isa = XCBuildConfiguration;
			buildSettings = {
				ALWAYS_SEARCH_USER_PATHS = NO;
				CLANG_ANALYZER_NONNULL = YES;
				CLANG_ANALYZER_NUMBER_OBJECT_CONVERSION = YES_AGGRESSIVE;
				CLANG_CXX_LANGUAGE_STANDARD = "gnu++14";
				CLANG_CXX_LIBRARY = "libc++";
				CLANG_ENABLE_MODULES = YES;
				CLANG_ENABLE_OBJC_ARC = YES;
				CLANG_ENABLE_OBJC_WEAK = YES;
				CLANG_WARN_BLOCK_CAPTURE_AUTORELEASING = YES;
				CLANG_WARN_BOOL_CONVERSION = YES;
				CLANG_WARN_COMMA = YES;
				CLANG_WARN_CONSTANT_CONVERSION = YES;
				CLANG_WARN_DEPRECATED_OBJC_IMPLEMENTATIONS = YES;
				CLANG_WARN_DIRECT_OBJC_ISA_USAGE = YES_ERROR;
				CLANG_WARN_DOCUMENTATION_COMMENTS = YES;
				CLANG_WARN_EMPTY_BODY = YES;
				CLANG_WARN_ENUM_CONVERSION = YES;
				CLANG_WARN_INFINITE_RECURSION = YES;
				CLANG_WARN_INT_CONVERSION = YES;
				CLANG_WARN_NON_LITERAL_NULL_CONVERSION = YES;
				CLANG_WARN_OBJC_IMPLICIT_RETAIN_SELF = YES;
				CLANG_WARN_OBJC_LITERAL_CONVERSION = YES;
				CLANG_WARN_OBJC_ROOT_CLASS = YES_ERROR;
				CLANG_WARN_QUOTED_INCLUDE_IN_FRAMEWORK_HEADER = YES;
				CLANG_WARN_RANGE_LOOP_ANALYSIS = YES;
				CLANG_WARN_STRICT_PROTOTYPES = YES;
				CLANG_WARN_SUSPICIOUS_MOVE = YES;
				CLANG_WARN_UNGUARDED_AVAILABILITY = YES_AGGRESSIVE;
				CLANG_WARN_UNREACHABLE_CODE = YES;
				CLANG_WARN__DUPLICATE_METHOD_MATCH = YES;
				CODE_SIGN_IDENTITY = "iPhone Developer";
				COPY_PHASE_STRIP = NO;
				DEBUG_INFORMATION_FORMAT = "dwarf-with-dsym";
				ENABLE_NS_ASSERTIONS = NO;
				ENABLE_STRICT_OBJC_MSGSEND = YES;
				GCC_C_LANGUAGE_STANDARD = gnu11;
				GCC_NO_COMMON_BLOCKS = YES;
				GCC_WARN_64_TO_32_BIT_CONVERSION = YES;
				GCC_WARN_ABOUT_RETURN_TYPE = YES_ERROR;
				GCC_WARN_UNDECLARED_SELECTOR = YES;
				GCC_WARN_UNINITIALIZED_AUTOS = YES_AGGRESSIVE;
				GCC_WARN_UNUSED_FUNCTION = YES;
				GCC_WARN_UNUSED_VARIABLE = YES;
				IPHONEOS_DEPLOYMENT_TARGET = 14.1;
				MTL_ENABLE_DEBUG_INFO = NO;
				MTL_FAST_MATH = YES;
				SDKROOT = iphoneos;
				SWIFT_COMPILATION_MODE = wholemodule;
				SWIFT_OPTIMIZATION_LEVEL = "-O";
				VALIDATE_PRODUCT = YES;
			};
			name = Release;
		};
		7942AA532342693800A133C0 /* Debug */ = {
			isa = XCBuildConfiguration;
			buildSettings = {
				ASSETCATALOG_COMPILER_APPICON_NAME = AppIcon;
				CODE_SIGN_IDENTITY = "Apple Development";
				CODE_SIGN_STYLE = Automatic;
				DEVELOPMENT_TEAM = 4PPBH6JZ53;
				INFOPLIST_FILE = FaceAnimoji/Info.plist;
				LD_RUNPATH_SEARCH_PATHS = (
					"$(inherited)",
					"@executable_path/Frameworks",
				);
				PRODUCT_BUNDLE_IDENTIFIER = AnimojiExample;
				PRODUCT_NAME = "$(TARGET_NAME)";
				PROVISIONING_PROFILE_SPECIFIER = "";
				SWIFT_VERSION = 5.0;
				TARGETED_DEVICE_FAMILY = "1,2";
			};
			name = Debug;
		};
		7942AA542342693800A133C0 /* Release */ = {
			isa = XCBuildConfiguration;
			buildSettings = {
				ASSETCATALOG_COMPILER_APPICON_NAME = AppIcon;
				CODE_SIGN_IDENTITY = "Apple Development";
				CODE_SIGN_STYLE = Automatic;
				DEVELOPMENT_TEAM = 4PPBH6JZ53;
				INFOPLIST_FILE = FaceAnimoji/Info.plist;
				LD_RUNPATH_SEARCH_PATHS = (
					"$(inherited)",
					"@executable_path/Frameworks",
				);
				PRODUCT_BUNDLE_IDENTIFIER = AnimojiExample;
				PRODUCT_NAME = "$(TARGET_NAME)";
				PROVISIONING_PROFILE_SPECIFIER = "";
				SWIFT_VERSION = 5.0;
				TARGETED_DEVICE_FAMILY = "1,2";
			};
			name = Release;
		};
		7942AA562342693800A133C0 /* Debug */ = {
			isa = XCBuildConfiguration;
			buildSettings = {
				ALWAYS_EMBED_SWIFT_STANDARD_LIBRARIES = YES;
				BUNDLE_LOADER = "$(TEST_HOST)";
				CODE_SIGN_STYLE = Automatic;
				DEVELOPMENT_TEAM = 4PPBH6JZ53;
				INFOPLIST_FILE = FaceAnimojiTests/Info.plist;
				LD_RUNPATH_SEARCH_PATHS = (
					"$(inherited)",
					"@executable_path/Frameworks",
					"@loader_path/Frameworks",
				);
				PRODUCT_BUNDLE_IDENTIFIER = com.verizon.ams.fiostv.dev.FaceAnimojiTests;
				PRODUCT_NAME = "$(TARGET_NAME)";
				SWIFT_VERSION = 5.0;
				TARGETED_DEVICE_FAMILY = "1,2";
				TEST_HOST = "$(BUILT_PRODUCTS_DIR)/FaceAnimoji.app/FaceAnimoji";
			};
			name = Debug;
		};
		7942AA572342693800A133C0 /* Release */ = {
			isa = XCBuildConfiguration;
			buildSettings = {
				ALWAYS_EMBED_SWIFT_STANDARD_LIBRARIES = YES;
				BUNDLE_LOADER = "$(TEST_HOST)";
				CODE_SIGN_STYLE = Automatic;
				DEVELOPMENT_TEAM = 4PPBH6JZ53;
				INFOPLIST_FILE = FaceAnimojiTests/Info.plist;
				LD_RUNPATH_SEARCH_PATHS = (
					"$(inherited)",
					"@executable_path/Frameworks",
					"@loader_path/Frameworks",
				);
				PRODUCT_BUNDLE_IDENTIFIER = com.verizon.ams.fiostv.dev.FaceAnimojiTests;
				PRODUCT_NAME = "$(TARGET_NAME)";
				SWIFT_VERSION = 5.0;
				TARGETED_DEVICE_FAMILY = "1,2";
				TEST_HOST = "$(BUILT_PRODUCTS_DIR)/FaceAnimoji.app/FaceAnimoji";
			};
			name = Release;
		};
		7942AA592342693800A133C0 /* Debug */ = {
			isa = XCBuildConfiguration;
			buildSettings = {
				ALWAYS_EMBED_SWIFT_STANDARD_LIBRARIES = YES;
				CODE_SIGN_STYLE = Automatic;
				DEVELOPMENT_TEAM = 4PPBH6JZ53;
				INFOPLIST_FILE = FaceAnimojiUITests/Info.plist;
				LD_RUNPATH_SEARCH_PATHS = (
					"$(inherited)",
					"@executable_path/Frameworks",
					"@loader_path/Frameworks",
				);
				PRODUCT_BUNDLE_IDENTIFIER = AnimojiExample;
				PRODUCT_NAME = "$(TARGET_NAME)";
				SWIFT_VERSION = 5.0;
				TARGETED_DEVICE_FAMILY = "1,2";
				TEST_TARGET_NAME = FaceAnimoji;
			};
			name = Debug;
		};
		7942AA5A2342693800A133C0 /* Release */ = {
			isa = XCBuildConfiguration;
			buildSettings = {
				ALWAYS_EMBED_SWIFT_STANDARD_LIBRARIES = YES;
				CODE_SIGN_STYLE = Automatic;
				DEVELOPMENT_TEAM = 4PPBH6JZ53;
				INFOPLIST_FILE = FaceAnimojiUITests/Info.plist;
				LD_RUNPATH_SEARCH_PATHS = (
					"$(inherited)",
					"@executable_path/Frameworks",
					"@loader_path/Frameworks",
				);
				PRODUCT_BUNDLE_IDENTIFIER = AnimojiExample;
				PRODUCT_NAME = "$(TARGET_NAME)";
				SWIFT_VERSION = 5.0;
				TARGETED_DEVICE_FAMILY = "1,2";
				TEST_TARGET_NAME = FaceAnimoji;
			};
			name = Release;
		};
/* End XCBuildConfiguration section */

/* Begin XCConfigurationList section */
		7942AA232342693100A133C0 /* Build configuration list for PBXProject "FaceAnimoji" */ = {
			isa = XCConfigurationList;
			buildConfigurations = (
				7942AA502342693800A133C0 /* Debug */,
				7942AA512342693800A133C0 /* Release */,
			);
			defaultConfigurationIsVisible = 0;
			defaultConfigurationName = Release;
		};
		7942AA522342693800A133C0 /* Build configuration list for PBXNativeTarget "FaceAnimoji" */ = {
			isa = XCConfigurationList;
			buildConfigurations = (
				7942AA532342693800A133C0 /* Debug */,
				7942AA542342693800A133C0 /* Release */,
			);
			defaultConfigurationIsVisible = 0;
			defaultConfigurationName = Release;
		};
		7942AA552342693800A133C0 /* Build configuration list for PBXNativeTarget "FaceAnimojiTests" */ = {
			isa = XCConfigurationList;
			buildConfigurations = (
				7942AA562342693800A133C0 /* Debug */,
				7942AA572342693800A133C0 /* Release */,
			);
			defaultConfigurationIsVisible = 0;
			defaultConfigurationName = Release;
		};
		7942AA582342693800A133C0 /* Build configuration list for PBXNativeTarget "FaceAnimojiUITests" */ = {
			isa = XCConfigurationList;
			buildConfigurations = (
				7942AA592342693800A133C0 /* Debug */,
				7942AA5A2342693800A133C0 /* Release */,
			);
			defaultConfigurationIsVisible = 0;
			defaultConfigurationName = Release;
		};
/* End XCConfigurationList section */

/* Begin XCRemoteSwiftPackageReference section */
		6138C37025C9DBF4000CA925 /* XCRemoteSwiftPackageReference "Charts" */ = {
			isa = XCRemoteSwiftPackageReference;
			repositoryURL = "https://github.com/danielgindi/Charts";
			requirement = {
				branch = master;
				kind = branch;
			};
		};
/* End XCRemoteSwiftPackageReference section */

/* Begin XCSwiftPackageProductDependency section */
		6138C37125C9DBF4000CA925 /* Charts */ = {
			isa = XCSwiftPackageProductDependency;
			package = 6138C37025C9DBF4000CA925 /* XCRemoteSwiftPackageReference "Charts" */;
			productName = Charts;
		};
/* End XCSwiftPackageProductDependency section */

/* Begin XCVersionGroup section */
		615DFF1125C0BB2100A268A1 /* AnimotionsData.xcdatamodeld */ = {
			isa = XCVersionGroup;
			children = (
				615DFF1225C0BB2100A268A1 /* AnimotionsData.xcdatamodel */,
			);
			currentVersion = 615DFF1225C0BB2100A268A1 /* AnimotionsData.xcdatamodel */;
			path = AnimotionsData.xcdatamodeld;
			sourceTree = "<group>";
			versionGroupType = wrapper.xcdatamodel;
		};
/* End XCVersionGroup section */
	};
	rootObject = 7942AA202342693100A133C0 /* Project object */;
}
