// !$*UTF8*$!
{
	archiveVersion = 1;
	classes = {
	};
	objectVersion = 50;
	objects = {

/* Begin PBXBuildFile section */
		DCCEE3E525AE4D26003612CC /* AppDelegate.swift in Sources */ = {isa = PBXBuildFile; fileRef = DCCEE3E425AE4D26003612CC /* AppDelegate.swift */; };
		DCCEE3E725AE4D26003612CC /* SceneDelegate.swift in Sources */ = {isa = PBXBuildFile; fileRef = DCCEE3E625AE4D26003612CC /* SceneDelegate.swift */; };
		DCCEE3EC25AE4D26003612CC /* Main.storyboard in Resources */ = {isa = PBXBuildFile; fileRef = DCCEE3EA25AE4D26003612CC /* Main.storyboard */; };
		DCCEE3EE25AE4D28003612CC /* Assets.xcassets in Resources */ = {isa = PBXBuildFile; fileRef = DCCEE3ED25AE4D28003612CC /* Assets.xcassets */; };
		DCCEE3F125AE4D28003612CC /* LaunchScreen.storyboard in Resources */ = {isa = PBXBuildFile; fileRef = DCCEE3EF25AE4D28003612CC /* LaunchScreen.storyboard */; };
		DCCEE3F925AE522E003612CC /* MainViewController.swift in Sources */ = {isa = PBXBuildFile; fileRef = DCCEE3F825AE522E003612CC /* MainViewController.swift */; };
/* End PBXBuildFile section */

/* Begin PBXFileReference section */
		DCCEE3E125AE4D26003612CC /* Animotions_MainMenu.app */ = {isa = PBXFileReference; explicitFileType = wrapper.application; includeInIndex = 0; path = Animotions_MainMenu.app; sourceTree = BUILT_PRODUCTS_DIR; };
		DCCEE3E425AE4D26003612CC /* AppDelegate.swift */ = {isa = PBXFileReference; lastKnownFileType = sourcecode.swift; path = AppDelegate.swift; sourceTree = "<group>"; };
		DCCEE3E625AE4D26003612CC /* SceneDelegate.swift */ = {isa = PBXFileReference; lastKnownFileType = sourcecode.swift; path = SceneDelegate.swift; sourceTree = "<group>"; };
		DCCEE3EB25AE4D26003612CC /* Base */ = {isa = PBXFileReference; lastKnownFileType = file.storyboard; name = Base; path = Base.lproj/Main.storyboard; sourceTree = "<group>"; };
		DCCEE3ED25AE4D28003612CC /* Assets.xcassets */ = {isa = PBXFileReference; lastKnownFileType = folder.assetcatalog; path = Assets.xcassets; sourceTree = "<group>"; };
		DCCEE3F025AE4D28003612CC /* Base */ = {isa = PBXFileReference; lastKnownFileType = file.storyboard; name = Base; path = Base.lproj/LaunchScreen.storyboard; sourceTree = "<group>"; };
		DCCEE3F225AE4D28003612CC /* Info.plist */ = {isa = PBXFileReference; lastKnownFileType = text.plist.xml; path = Info.plist; sourceTree = "<group>"; };
		DCCEE3F825AE522E003612CC /* MainViewController.swift */ = {isa = PBXFileReference; lastKnownFileType = sourcecode.swift; path = MainViewController.swift; sourceTree = "<group>"; };
/* End PBXFileReference section */

/* Begin PBXFrameworksBuildPhase section */
		DCCEE3DE25AE4D26003612CC /* Frameworks */ = {
			isa = PBXFrameworksBuildPhase;
			buildActionMask = 2147483647;
			files = (
			);
			runOnlyForDeploymentPostprocessing = 0;
		};
/* End PBXFrameworksBuildPhase section */

/* Begin PBXGroup section */
		DCCEE3D825AE4D26003612CC = {
			isa = PBXGroup;
			children = (
				DCCEE3E325AE4D26003612CC /* Animotions_MainMenu */,
				DCCEE3E225AE4D26003612CC /* Products */,
			);
			sourceTree = "<group>";
		};
		DCCEE3E225AE4D26003612CC /* Products */ = {
			isa = PBXGroup;
			children = (
				DCCEE3E125AE4D26003612CC /* Animotions_MainMenu.app */,
			);
			name = Products;
			sourceTree = "<group>";
		};
		DCCEE3E325AE4D26003612CC /* Animotions_MainMenu */ = {
			isa = PBXGroup;
			children = (
				DCCEE3E425AE4D26003612CC /* AppDelegate.swift */,
				DCCEE3E625AE4D26003612CC /* SceneDelegate.swift */,
				DCCEE3EA25AE4D26003612CC /* Main.storyboard */,
				DCCEE3F825AE522E003612CC /* MainViewController.swift */,
				DCCEE3ED25AE4D28003612CC /* Assets.xcassets */,
				DCCEE3EF25AE4D28003612CC /* LaunchScreen.storyboard */,
				DCCEE3F225AE4D28003612CC /* Info.plist */,
			);
			path = Animotions_MainMenu;
			sourceTree = "<group>";
		};
/* End PBXGroup section */

/* Begin PBXNativeTarget section */
		DCCEE3E025AE4D26003612CC /* Animotions_MainMenu */ = {
			isa = PBXNativeTarget;
			buildConfigurationList = DCCEE3F525AE4D28003612CC /* Build configuration list for PBXNativeTarget "Animotions_MainMenu" */;
			buildPhases = (
				DCCEE3DD25AE4D26003612CC /* Sources */,
				DCCEE3DE25AE4D26003612CC /* Frameworks */,
				DCCEE3DF25AE4D26003612CC /* Resources */,
			);
			buildRules = (
			);
			dependencies = (
			);
			name = Animotions_MainMenu;
			productName = Animotions_MainMenu;
			productReference = DCCEE3E125AE4D26003612CC /* Animotions_MainMenu.app */;
			productType = "com.apple.product-type.application";
		};
/* End PBXNativeTarget section */

/* Begin PBXProject section */
		DCCEE3D925AE4D26003612CC /* Project object */ = {
			isa = PBXProject;
			attributes = {
				LastSwiftUpdateCheck = 1130;
				LastUpgradeCheck = 1130;
				ORGANIZATIONNAME = "Aaron Easter";
				TargetAttributes = {
					DCCEE3E025AE4D26003612CC = {
						CreatedOnToolsVersion = 11.3.1;
					};
				};
			};
			buildConfigurationList = DCCEE3DC25AE4D26003612CC /* Build configuration list for PBXProject "Animotions_MainMenu" */;
			compatibilityVersion = "Xcode 9.3";
			developmentRegion = en;
			hasScannedForEncodings = 0;
			knownRegions = (
				en,
				Base,
			);
			mainGroup = DCCEE3D825AE4D26003612CC;
			productRefGroup = DCCEE3E225AE4D26003612CC /* Products */;
			projectDirPath = "";
			projectRoot = "";
			targets = (
				DCCEE3E025AE4D26003612CC /* Animotions_MainMenu */,
			);
		};
/* End PBXProject section */

/* Begin PBXResourcesBuildPhase section */
		DCCEE3DF25AE4D26003612CC /* Resources */ = {
			isa = PBXResourcesBuildPhase;
			buildActionMask = 2147483647;
			files = (
				DCCEE3F125AE4D28003612CC /* LaunchScreen.storyboard in Resources */,
				DCCEE3EE25AE4D28003612CC /* Assets.xcassets in Resources */,
				DCCEE3EC25AE4D26003612CC /* Main.storyboard in Resources */,
			);
			runOnlyForDeploymentPostprocessing = 0;
		};
/* End PBXResourcesBuildPhase section */

/* Begin PBXSourcesBuildPhase section */
		DCCEE3DD25AE4D26003612CC /* Sources */ = {
			isa = PBXSourcesBuildPhase;
			buildActionMask = 2147483647;
			files = (
				DCCEE3F925AE522E003612CC /* MainViewController.swift in Sources */,
				DCCEE3E525AE4D26003612CC /* AppDelegate.swift in Sources */,
				DCCEE3E725AE4D26003612CC /* SceneDelegate.swift in Sources */,
			);
			runOnlyForDeploymentPostprocessing = 0;
		};
/* End PBXSourcesBuildPhase section */

/* Begin PBXVariantGroup section */
		DCCEE3EA25AE4D26003612CC /* Main.storyboard */ = {
			isa = PBXVariantGroup;
			children = (
				DCCEE3EB25AE4D26003612CC /* Base */,
			);
			name = Main.storyboard;
			sourceTree = "<group>";
		};
		DCCEE3EF25AE4D28003612CC /* LaunchScreen.storyboard */ = {
			isa = PBXVariantGroup;
			children = (
				DCCEE3F025AE4D28003612CC /* Base */,
			);
			name = LaunchScreen.storyboard;
			sourceTree = "<group>";
		};
/* End PBXVariantGroup section */

/* Begin XCBuildConfiguration section */
		DCCEE3F325AE4D28003612CC /* Debug */ = {
			isa = XCBuildConfiguration;
			buildSettings = {
				ALWAYS_SEARCH_USER_PATHS = NO;
				CLANG_ANALYZER_NONNULL = YES;
				CLANG_ANALYZER_NUMBER_OBJECT_CONVERSION = YES_AGGRESSIVE;
				CLANG_CXX_LANGUAGE_STANDARD = "gnu++14";
				CLANG_CXX_LIBRARY = "libc++";
				CLANG_ENABLE_MODULES = YES;
				CLANG_ENABLE_OBJC_ARC = YES;
				CLANG_ENABLE_OBJC_WEAK = YES;
				CLANG_WARN_BLOCK_CAPTURE_AUTORELEASING = YES;
				CLANG_WARN_BOOL_CONVERSION = YES;
				CLANG_WARN_COMMA = YES;
				CLANG_WARN_CONSTANT_CONVERSION = YES;
				CLANG_WARN_DEPRECATED_OBJC_IMPLEMENTATIONS = YES;
				CLANG_WARN_DIRECT_OBJC_ISA_USAGE = YES_ERROR;
				CLANG_WARN_DOCUMENTATION_COMMENTS = YES;
				CLANG_WARN_EMPTY_BODY = YES;
				CLANG_WARN_ENUM_CONVERSION = YES;
				CLANG_WARN_INFINITE_RECURSION = YES;
				CLANG_WARN_INT_CONVERSION = YES;
				CLANG_WARN_NON_LITERAL_NULL_CONVERSION = YES;
				CLANG_WARN_OBJC_IMPLICIT_RETAIN_SELF = YES;
				CLANG_WARN_OBJC_LITERAL_CONVERSION = YES;
				CLANG_WARN_OBJC_ROOT_CLASS = YES_ERROR;
				CLANG_WARN_RANGE_LOOP_ANALYSIS = YES;
				CLANG_WARN_STRICT_PROTOTYPES = YES;
				CLANG_WARN_SUSPICIOUS_MOVE = YES;
				CLANG_WARN_UNGUARDED_AVAILABILITY = YES_AGGRESSIVE;
				CLANG_WARN_UNREACHABLE_CODE = YES;
				CLANG_WARN__DUPLICATE_METHOD_MATCH = YES;
				COPY_PHASE_STRIP = NO;
				DEBUG_INFORMATION_FORMAT = dwarf;
				ENABLE_STRICT_OBJC_MSGSEND = YES;
				ENABLE_TESTABILITY = YES;
				GCC_C_LANGUAGE_STANDARD = gnu11;
				GCC_DYNAMIC_NO_PIC = NO;
				GCC_NO_COMMON_BLOCKS = YES;
				GCC_OPTIMIZATION_LEVEL = 0;
				GCC_PREPROCESSOR_DEFINITIONS = (
					"DEBUG=1",
					"$(inherited)",
				);
				GCC_WARN_64_TO_32_BIT_CONVERSION = YES;
				GCC_WARN_ABOUT_RETURN_TYPE = YES_ERROR;
				GCC_WARN_UNDECLARED_SELECTOR = YES;
				GCC_WARN_UNINITIALIZED_AUTOS = YES_AGGRESSIVE;
				GCC_WARN_UNUSED_FUNCTION = YES;
				GCC_WARN_UNUSED_VARIABLE = YES;
				IPHONEOS_DEPLOYMENT_TARGET = 13.2;
				MTL_ENABLE_DEBUG_INFO = INCLUDE_SOURCE;
				MTL_FAST_MATH = YES;
				ONLY_ACTIVE_ARCH = YES;
				SDKROOT = iphoneos;
				SWIFT_ACTIVE_COMPILATION_CONDITIONS = DEBUG;
				SWIFT_OPTIMIZATION_LEVEL = "-Onone";
			};
			name = Debug;
		};
		DCCEE3F425AE4D28003612CC /* Release */ = {
			isa = XCBuildConfiguration;
			buildSettings = {
				ALWAYS_SEARCH_USER_PATHS = NO;
				CLANG_ANALYZER_NONNULL = YES;
				CLANG_ANALYZER_NUMBER_OBJECT_CONVERSION = YES_AGGRESSIVE;
				CLANG_CXX_LANGUAGE_STANDARD = "gnu++14";
				CLANG_CXX_LIBRARY = "libc++";
				CLANG_ENABLE_MODULES = YES;
				CLANG_ENABLE_OBJC_ARC = YES;
				CLANG_ENABLE_OBJC_WEAK = YES;
				CLANG_WARN_BLOCK_CAPTURE_AUTORELEASING = YES;
				CLANG_WARN_BOOL_CONVERSION = YES;
				CLANG_WARN_COMMA = YES;
				CLANG_WARN_CONSTANT_CONVERSION = YES;
				CLANG_WARN_DEPRECATED_OBJC_IMPLEMENTATIONS = YES;
				CLANG_WARN_DIRECT_OBJC_ISA_USAGE = YES_ERROR;
				CLANG_WARN_DOCUMENTATION_COMMENTS = YES;
				CLANG_WARN_EMPTY_BODY = YES;
				CLANG_WARN_ENUM_CONVERSION = YES;
				CLANG_WARN_INFINITE_RECURSION = YES;
				CLANG_WARN_INT_CONVERSION = YES;
				CLANG_WARN_NON_LITERAL_NULL_CONVERSION = YES;
				CLANG_WARN_OBJC_IMPLICIT_RETAIN_SELF = YES;
				CLANG_WARN_OBJC_LITERAL_CONVERSION = YES;
				CLANG_WARN_OBJC_ROOT_CLASS = YES_ERROR;
				CLANG_WARN_RANGE_LOOP_ANALYSIS = YES;
				CLANG_WARN_STRICT_PROTOTYPES = YES;
				CLANG_WARN_SUSPICIOUS_MOVE = YES;
				CLANG_WARN_UNGUARDED_AVAILABILITY = YES_AGGRESSIVE;
				CLANG_WARN_UNREACHABLE_CODE = YES;
				CLANG_WARN__DUPLICATE_METHOD_MATCH = YES;
				COPY_PHASE_STRIP = NO;
				DEBUG_INFORMATION_FORMAT = "dwarf-with-dsym";
				ENABLE_NS_ASSERTIONS = NO;
				ENABLE_STRICT_OBJC_MSGSEND = YES;
				GCC_C_LANGUAGE_STANDARD = gnu11;
				GCC_NO_COMMON_BLOCKS = YES;
				GCC_WARN_64_TO_32_BIT_CONVERSION = YES;
				GCC_WARN_ABOUT_RETURN_TYPE = YES_ERROR;
				GCC_WARN_UNDECLARED_SELECTOR = YES;
				GCC_WARN_UNINITIALIZED_AUTOS = YES_AGGRESSIVE;
				GCC_WARN_UNUSED_FUNCTION = YES;
				GCC_WARN_UNUSED_VARIABLE = YES;
				IPHONEOS_DEPLOYMENT_TARGET = 13.2;
				MTL_ENABLE_DEBUG_INFO = NO;
				MTL_FAST_MATH = YES;
				SDKROOT = iphoneos;
				SWIFT_COMPILATION_MODE = wholemodule;
				SWIFT_OPTIMIZATION_LEVEL = "-O";
				VALIDATE_PRODUCT = YES;
			};
			name = Release;
		};
		DCCEE3F625AE4D28003612CC /* Debug */ = {
			isa = XCBuildConfiguration;
			buildSettings = {
				ASSETCATALOG_COMPILER_APPICON_NAME = AppIcon;
				CODE_SIGN_STYLE = Automatic;
				DEVELOPMENT_TEAM = GXCCUM7VAN;
				INFOPLIST_FILE = Animotions_MainMenu/Info.plist;
				LD_RUNPATH_SEARCH_PATHS = (
					"$(inherited)",
					"@executable_path/Frameworks",
				);
				PRODUCT_BUNDLE_IDENTIFIER = "aaron.Animotions-MainMenu";
				PRODUCT_NAME = "$(TARGET_NAME)";
				SWIFT_VERSION = 5.0;
				TARGETED_DEVICE_FAMILY = "1,2";
			};
			name = Debug;
		};
		DCCEE3F725AE4D28003612CC /* Release */ = {
			isa = XCBuildConfiguration;
			buildSettings = {
				ASSETCATALOG_COMPILER_APPICON_NAME = AppIcon;
				CODE_SIGN_STYLE = Automatic;
				DEVELOPMENT_TEAM = GXCCUM7VAN;
				INFOPLIST_FILE = Animotions_MainMenu/Info.plist;
				LD_RUNPATH_SEARCH_PATHS = (
					"$(inherited)",
					"@executable_path/Frameworks",
				);
				PRODUCT_BUNDLE_IDENTIFIER = "aaron.Animotions-MainMenu";
				PRODUCT_NAME = "$(TARGET_NAME)";
				SWIFT_VERSION = 5.0;
				TARGETED_DEVICE_FAMILY = "1,2";
			};
			name = Release;
		};
/* End XCBuildConfiguration section */

/* Begin XCConfigurationList section */
		DCCEE3DC25AE4D26003612CC /* Build configuration list for PBXProject "Animotions_MainMenu" */ = {
			isa = XCConfigurationList;
			buildConfigurations = (
				DCCEE3F325AE4D28003612CC /* Debug */,
				DCCEE3F425AE4D28003612CC /* Release */,
			);
			defaultConfigurationIsVisible = 0;
			defaultConfigurationName = Release;
		};
		DCCEE3F525AE4D28003612CC /* Build configuration list for PBXNativeTarget "Animotions_MainMenu" */ = {
			isa = XCConfigurationList;
			buildConfigurations = (
				DCCEE3F625AE4D28003612CC /* Debug */,
				DCCEE3F725AE4D28003612CC /* Release */,
			);
			defaultConfigurationIsVisible = 0;
			defaultConfigurationName = Release;
		};
/* End XCConfigurationList section */
	};
	rootObject = DCCEE3D925AE4D26003612CC /* Project object */;
}
